// !$*UTF8*$!
{
	archiveVersion = 1;
	classes = {
	};
	objectVersion = 46;
	objects = {

/* Begin PBXBuildFile section */
		95AED4F81F6FB8FC001DCD9E /* AppDelegate.swift in Sources */ = {isa = PBXBuildFile; fileRef = 95AED4F71F6FB8FC001DCD9E /* AppDelegate.swift */; };
		95AED4FA1F6FB8FC001DCD9E /* ViewController.swift in Sources */ = {isa = PBXBuildFile; fileRef = 95AED4F91F6FB8FC001DCD9E /* ViewController.swift */; };
		95AED4FD1F6FB8FC001DCD9E /* Main.storyboard in Resources */ = {isa = PBXBuildFile; fileRef = 95AED4FB1F6FB8FC001DCD9E /* Main.storyboard */; };
		95AED5001F6FB8FC001DCD9E /* Ani_mation.xcdatamodeld in Sources */ = {isa = PBXBuildFile; fileRef = 95AED4FE1F6FB8FC001DCD9E /* Ani_mation.xcdatamodeld */; };
		95AED5021F6FB8FC001DCD9E /* Assets.xcassets in Resources */ = {isa = PBXBuildFile; fileRef = 95AED5011F6FB8FC001DCD9E /* Assets.xcassets */; };
		95AED5051F6FB8FC001DCD9E /* LaunchScreen.storyboard in Resources */ = {isa = PBXBuildFile; fileRef = 95AED5031F6FB8FC001DCD9E /* LaunchScreen.storyboard */; };
/* End PBXBuildFile section */

/* Begin PBXFileReference section */
		95AED4F41F6FB8FC001DCD9E /* Ani_mation.app */ = {isa = PBXFileReference; explicitFileType = wrapper.application; includeInIndex = 0; path = Ani_mation.app; sourceTree = BUILT_PRODUCTS_DIR; };
		95AED4F71F6FB8FC001DCD9E /* AppDelegate.swift */ = {isa = PBXFileReference; lastKnownFileType = sourcecode.swift; path = AppDelegate.swift; sourceTree = "<group>"; };
		95AED4F91F6FB8FC001DCD9E /* ViewController.swift */ = {isa = PBXFileReference; lastKnownFileType = sourcecode.swift; path = ViewController.swift; sourceTree = "<group>"; };
		95AED4FC1F6FB8FC001DCD9E /* Base */ = {isa = PBXFileReference; lastKnownFileType = file.storyboard; name = Base; path = Base.lproj/Main.storyboard; sourceTree = "<group>"; };
		95AED4FF1F6FB8FC001DCD9E /* Ani_mation.xcdatamodel */ = {isa = PBXFileReference; lastKnownFileType = wrapper.xcdatamodel; path = Ani_mation.xcdatamodel; sourceTree = "<group>"; };
		95AED5011F6FB8FC001DCD9E /* Assets.xcassets */ = {isa = PBXFileReference; lastKnownFileType = folder.assetcatalog; path = Assets.xcassets; sourceTree = "<group>"; };
		95AED5041F6FB8FC001DCD9E /* Base */ = {isa = PBXFileReference; lastKnownFileType = file.storyboard; name = Base; path = Base.lproj/LaunchScreen.storyboard; sourceTree = "<group>"; };
		95AED5061F6FB8FC001DCD9E /* Info.plist */ = {isa = PBXFileReference; lastKnownFileType = text.plist.xml; path = Info.plist; sourceTree = "<group>"; };
/* End PBXFileReference section */

/* Begin PBXFrameworksBuildPhase section */
		95AED4F11F6FB8FC001DCD9E /* Frameworks */ = {
			isa = PBXFrameworksBuildPhase;
			buildActionMask = 2147483647;
			files = (
			);
			runOnlyForDeploymentPostprocessing = 0;
		};
/* End PBXFrameworksBuildPhase section */

/* Begin PBXGroup section */
		95AED4EB1F6FB8FC001DCD9E = {
			isa = PBXGroup;
			children = (
				95AED4F61F6FB8FC001DCD9E /* Ani_mation */,
				95AED4F51F6FB8FC001DCD9E /* Products */,
			);
			sourceTree = "<group>";
		};
		95AED4F51F6FB8FC001DCD9E /* Products */ = {
			isa = PBXGroup;
			children = (
				95AED4F41F6FB8FC001DCD9E /* Ani_mation.app */,
			);
			name = Products;
			sourceTree = "<group>";
		};
		95AED4F61F6FB8FC001DCD9E /* Ani_mation */ = {
			isa = PBXGroup;
			children = (
				95AED4F71F6FB8FC001DCD9E /* AppDelegate.swift */,
				95AED4F91F6FB8FC001DCD9E /* ViewController.swift */,
				95AED4FB1F6FB8FC001DCD9E /* Main.storyboard */,
				95AED5011F6FB8FC001DCD9E /* Assets.xcassets */,
				95AED5031F6FB8FC001DCD9E /* LaunchScreen.storyboard */,
				95AED5061F6FB8FC001DCD9E /* Info.plist */,
				95AED4FE1F6FB8FC001DCD9E /* Ani_mation.xcdatamodeld */,
			);
			path = Ani_mation;
			sourceTree = "<group>";
		};
/* End PBXGroup section */

/* Begin PBXNativeTarget section */
		95AED4F31F6FB8FC001DCD9E /* Ani_mation */ = {
			isa = PBXNativeTarget;
			buildConfigurationList = 95AED5091F6FB8FC001DCD9E /* Build configuration list for PBXNativeTarget "Ani_mation" */;
			buildPhases = (
				95AED4F01F6FB8FC001DCD9E /* Sources */,
				95AED4F11F6FB8FC001DCD9E /* Frameworks */,
				95AED4F21F6FB8FC001DCD9E /* Resources */,
			);
			buildRules = (
			);
			dependencies = (
			);
			name = Ani_mation;
			productName = Ani_mation;
			productReference = 95AED4F41F6FB8FC001DCD9E /* Ani_mation.app */;
			productType = "com.apple.product-type.application";
		};
/* End PBXNativeTarget section */

/* Begin PBXProject section */
		95AED4EC1F6FB8FC001DCD9E /* Project object */ = {
			isa = PBXProject;
			attributes = {
				LastSwiftUpdateCheck = 0830;
				LastUpgradeCheck = 0830;
				ORGANIZATIONNAME = "abhishek!";
				TargetAttributes = {
					95AED4F31F6FB8FC001DCD9E = {
						CreatedOnToolsVersion = 8.3.3;
						DevelopmentTeam = T5R28HSNU6;
						ProvisioningStyle = Automatic;
					};
				};
			};
			buildConfigurationList = 95AED4EF1F6FB8FC001DCD9E /* Build configuration list for PBXProject "Ani_mation" */;
			compatibilityVersion = "Xcode 3.2";
			developmentRegion = English;
			hasScannedForEncodings = 0;
			knownRegions = (
				en,
				Base,
			);
			mainGroup = 95AED4EB1F6FB8FC001DCD9E;
			productRefGroup = 95AED4F51F6FB8FC001DCD9E /* Products */;
			projectDirPath = "";
			projectRoot = "";
			targets = (
				95AED4F31F6FB8FC001DCD9E /* Ani_mation */,
			);
		};
/* End PBXProject section */

/* Begin PBXResourcesBuildPhase section */
		95AED4F21F6FB8FC001DCD9E /* Resources */ = {
			isa = PBXResourcesBuildPhase;
			buildActionMask = 2147483647;
			files = (
				95AED5051F6FB8FC001DCD9E /* LaunchScreen.storyboard in Resources */,
				95AED5021F6FB8FC001DCD9E /* Assets.xcassets in Resources */,
				95AED4FD1F6FB8FC001DCD9E /* Main.storyboard in Resources */,
			);
			runOnlyForDeploymentPostprocessing = 0;
		};
/* End PBXResourcesBuildPhase section */

/* Begin PBXSourcesBuildPhase section */
		95AED4F01F6FB8FC001DCD9E /* Sources */ = {
			isa = PBXSourcesBuildPhase;
			buildActionMask = 2147483647;
			files = (
				95AED4FA1F6FB8FC001DCD9E /* ViewController.swift in Sources */,
				95AED5001F6FB8FC001DCD9E /* Ani_mation.xcdatamodeld in Sources */,
				95AED4F81F6FB8FC001DCD9E /* AppDelegate.swift in Sources */,
			);
			runOnlyForDeploymentPostprocessing = 0;
		};
/* End PBXSourcesBuildPhase section */

/* Begin PBXVariantGroup section */
		95AED4FB1F6FB8FC001DCD9E /* Main.storyboard */ = {
			isa = PBXVariantGroup;
			children = (
				95AED4FC1F6FB8FC001DCD9E /* Base */,
			);
			name = Main.storyboard;
			sourceTree = "<group>";
		};
		95AED5031F6FB8FC001DCD9E /* LaunchScreen.storyboard */ = {
			isa = PBXVariantGroup;
			children = (
				95AED5041F6FB8FC001DCD9E /* Base */,
			);
			name = LaunchScreen.storyboard;
			sourceTree = "<group>";
		};
/* End PBXVariantGroup section */

/* Begin XCBuildConfiguration section */
		95AED5071F6FB8FC001DCD9E /* Debug */ = {
			isa = XCBuildConfiguration;
			buildSettings = {
				ALWAYS_SEARCH_USER_PATHS = NO;
				CLANG_ANALYZER_NONNULL = YES;
				CLANG_ANALYZER_NUMBER_OBJECT_CONVERSION = YES_AGGRESSIVE;
				CLANG_CXX_LANGUAGE_STANDARD = "gnu++0x";
				CLANG_CXX_LIBRARY = "libc++";
				CLANG_ENABLE_MODULES = YES;
				CLANG_ENABLE_OBJC_ARC = YES;
				CLANG_WARN_BOOL_CONVERSION = YES;
				CLANG_WARN_CONSTANT_CONVERSION = YES;
				CLANG_WARN_DIRECT_OBJC_ISA_USAGE = YES_ERROR;
				CLANG_WARN_DOCUMENTATION_COMMENTS = YES;
				CLANG_WARN_EMPTY_BODY = YES;
				CLANG_WARN_ENUM_CONVERSION = YES;
				CLANG_WARN_INFINITE_RECURSION = YES;
				CLANG_WARN_INT_CONVERSION = YES;
				CLANG_WARN_OBJC_ROOT_CLASS = YES_ERROR;
				CLANG_WARN_SUSPICIOUS_MOVE = YES;
				CLANG_WARN_UNREACHABLE_CODE = YES;
				CLANG_WARN__DUPLICATE_METHOD_MATCH = YES;
				"CODE_SIGN_IDENTITY[sdk=iphoneos*]" = "iPhone Developer";
				COPY_PHASE_STRIP = NO;
				DEBUG_INFORMATION_FORMAT = dwarf;
				ENABLE_STRICT_OBJC_MSGSEND = YES;
				ENABLE_TESTABILITY = YES;
				GCC_C_LANGUAGE_STANDARD = gnu99;
				GCC_DYNAMIC_NO_PIC = NO;
				GCC_NO_COMMON_BLOCKS = YES;
				GCC_OPTIMIZATION_LEVEL = 0;
				GCC_PREPROCESSOR_DEFINITIONS = (
					"DEBUG=1",
					"$(inherited)",
				);
				GCC_WARN_64_TO_32_BIT_CONVERSION = YES;
				GCC_WARN_ABOUT_RETURN_TYPE = YES_ERROR;
				GCC_WARN_UNDECLARED_SELECTOR = YES;
				GCC_WARN_UNINITIALIZED_AUTOS = YES_AGGRESSIVE;
				GCC_WARN_UNUSED_FUNCTION = YES;
				GCC_WARN_UNUSED_VARIABLE = YES;
				IPHONEOS_DEPLOYMENT_TARGET = 10.3;
				MTL_ENABLE_DEBUG_INFO = YES;
				ONLY_ACTIVE_ARCH = YES;
				SDKROOT = iphoneos;
				SWIFT_ACTIVE_COMPILATION_CONDITIONS = DEBUG;
				SWIFT_OPTIMIZATION_LEVEL = "-Onone";
				TARGETED_DEVICE_FAMILY = "1,2";
			};
			name = Debug;
		};
		95AED5081F6FB8FC001DCD9E /* Release */ = {
			isa = XCBuildConfiguration;
			buildSettings = {
				ALWAYS_SEARCH_USER_PATHS = NO;
				CLANG_ANALYZER_NONNULL = YES;
				CLANG_ANALYZER_NUMBER_OBJECT_CONVERSION = YES_AGGRESSIVE;
				CLANG_CXX_LANGUAGE_STANDARD = "gnu++0x";
				CLANG_CXX_LIBRARY = "libc++";
				CLANG_ENABLE_MODULES = YES;
				CLANG_ENABLE_OBJC_ARC = YES;
				CLANG_WARN_BOOL_CONVERSION = YES;
				CLANG_WARN_CONSTANT_CONVERSION = YES;
				CLANG_WARN_DIRECT_OBJC_ISA_USAGE = YES_ERROR;
				CLANG_WARN_DOCUMENTATION_COMMENTS = YES;
				CLANG_WARN_EMPTY_BODY = YES;
				CLANG_WARN_ENUM_CONVERSION = YES;
				CLANG_WARN_INFINITE_RECURSION = YES;
				CLANG_WARN_INT_CONVERSION = YES;
				CLANG_WARN_OBJC_ROOT_CLASS = YES_ERROR;
				CLANG_WARN_SUSPICIOUS_MOVE = YES;
				CLANG_WARN_UNREACHABLE_CODE = YES;
				CLANG_WARN__DUPLICATE_METHOD_MATCH = YES;
				"CODE_SIGN_IDENTITY[sdk=iphoneos*]" = "iPhone Developer";
				COPY_PHASE_STRIP = NO;
				DEBUG_INFORMATION_FORMAT = "dwarf-with-dsym";
				ENABLE_NS_ASSERTIONS = NO;
				ENABLE_STRICT_OBJC_MSGSEND = YES;
				GCC_C_LANGUAGE_STANDARD = gnu99;
				GCC_NO_COMMON_BLOCKS = YES;
				GCC_WARN_64_TO_32_BIT_CONVERSION = YES;
				GCC_WARN_ABOUT_RETURN_TYPE = YES_ERROR;
				GCC_WARN_UNDECLARED_SELECTOR = YES;
				GCC_WARN_UNINITIALIZED_AUTOS = YES_AGGRESSIVE;
				GCC_WARN_UNUSED_FUNCTION = YES;
				GCC_WARN_UNUSED_VARIABLE = YES;
				IPHONEOS_DEPLOYMENT_TARGET = 10.3;
				MTL_ENABLE_DEBUG_INFO = NO;
				SDKROOT = iphoneos;
				SWIFT_OPTIMIZATION_LEVEL = "-Owholemodule";
				TARGETED_DEVICE_FAMILY = "1,2";
				VALIDATE_PRODUCT = YES;
			};
			name = Release;
		};
		95AED50A1F6FB8FC001DCD9E /* Debug */ = {
			isa = XCBuildConfiguration;
			buildSettings = {
				ASSETCATALOG_COMPILER_APPICON_NAME = AppIcon;
				DEVELOPMENT_TEAM = T5R28HSNU6;
				INFOPLIST_FILE = Ani_mation/Info.plist;
				LD_RUNPATH_SEARCH_PATHS = "$(inherited) @executable_path/Frameworks";
				PRODUCT_BUNDLE_IDENTIFIER = "aditi-17com.Ani-mation";
				PRODUCT_NAME = "$(TARGET_NAME)";
				SWIFT_VERSION = 3.0;
			};
			name = Debug;
		};
		95AED50B1F6FB8FC001DCD9E /* Release */ = {
			isa = XCBuildConfiguration;
			buildSettings = {
				ASSETCATALOG_COMPILER_APPICON_NAME = AppIcon;
				DEVELOPMENT_TEAM = T5R28HSNU6;
				INFOPLIST_FILE = Ani_mation/Info.plist;
				LD_RUNPATH_SEARCH_PATHS = "$(inherited) @executable_path/Frameworks";
				PRODUCT_BUNDLE_IDENTIFIER = "aditi-17com.Ani-mation";
				PRODUCT_NAME = "$(TARGET_NAME)";
				SWIFT_VERSION = 3.0;
			};
			name = Release;
		};
/* End XCBuildConfiguration section */

/* Begin XCConfigurationList section */
		95AED4EF1F6FB8FC001DCD9E /* Build configuration list for PBXProject "Ani_mation" */ = {
			isa = XCConfigurationList;
			buildConfigurations = (
				95AED5071F6FB8FC001DCD9E /* Debug */,
				95AED5081F6FB8FC001DCD9E /* Release */,
			);
			defaultConfigurationIsVisible = 0;
			defaultConfigurationName = Release;
		};
		95AED5091F6FB8FC001DCD9E /* Build configuration list for PBXNativeTarget "Ani_mation" */ = {
			isa = XCConfigurationList;
			buildConfigurations = (
				95AED50A1F6FB8FC001DCD9E /* Debug */,
				95AED50B1F6FB8FC001DCD9E /* Release */,
			);
			defaultConfigurationIsVisible = 0;
			defaultConfigurationName = Release;
		};
/* End XCConfigurationList section */

/* Begin XCVersionGroup section */
		95AED4FE1F6FB8FC001DCD9E /* Ani_mation.xcdatamodeld */ = {
			isa = XCVersionGroup;
			children = (
				95AED4FF1F6FB8FC001DCD9E /* Ani_mation.xcdatamodel */,
			);
			currentVersion = 95AED4FF1F6FB8FC001DCD9E /* Ani_mation.xcdatamodel */;
			path = Ani_mation.xcdatamodeld;
			sourceTree = "<group>";
			versionGroupType = wrapper.xcdatamodel;
		};
/* End XCVersionGroup section */
	};
	rootObject = 95AED4EC1F6FB8FC001DCD9E /* Project object */;
}
